// !$*UTF8*$!
{
	archiveVersion = 1;
	classes = {
	};
	objectVersion = 56;
	objects = {

/* Begin PBXBuildFile section */
		7C375D3B2A2EAA4E001F076A /* projectTestSwiftUiApp.swift in Sources */ = {isa = PBXBuildFile; fileRef = 7C375D3A2A2EAA4E001F076A /* projectTestSwiftUiApp.swift */; };
		7C375D3D2A2EAA4E001F076A /* ContentView.swift in Sources */ = {isa = PBXBuildFile; fileRef = 7C375D3C2A2EAA4E001F076A /* ContentView.swift */; };
		7C375D3F2A2EAA50001F076A /* Assets.xcassets in Resources */ = {isa = PBXBuildFile; fileRef = 7C375D3E2A2EAA50001F076A /* Assets.xcassets */; };
		7C375D422A2EAA50001F076A /* Preview Assets.xcassets in Resources */ = {isa = PBXBuildFile; fileRef = 7C375D412A2EAA50001F076A /* Preview Assets.xcassets */; };
		7C375D492A2EB061001F076A /* CircleImage.swift in Sources */ = {isa = PBXBuildFile; fileRef = 7C375D482A2EB061001F076A /* CircleImage.swift */; };
		7C375D4B2A2EB2BF001F076A /* MapView.swift in Sources */ = {isa = PBXBuildFile; fileRef = 7C375D4A2A2EB2BF001F076A /* MapView.swift */; };
		7C375D4D2A2EC997001F076A /* landmarkData.json in Resources */ = {isa = PBXBuildFile; fileRef = 7C375D4C2A2EC997001F076A /* landmarkData.json */; };
		7C375D4F2A2EC9CB001F076A /* Landmark.swift in Sources */ = {isa = PBXBuildFile; fileRef = 7C375D4E2A2EC9CB001F076A /* Landmark.swift */; };
		7C375D512A2ECE8C001F076A /* ModelData.swift in Sources */ = {isa = PBXBuildFile; fileRef = 7C375D502A2ECE8C001F076A /* ModelData.swift */; };
/* End PBXBuildFile section */

/* Begin PBXFileReference section */
		7C375D372A2EAA4E001F076A /* projectTestSwiftUi.app */ = {isa = PBXFileReference; explicitFileType = wrapper.application; includeInIndex = 0; path = projectTestSwiftUi.app; sourceTree = BUILT_PRODUCTS_DIR; };
		7C375D3A2A2EAA4E001F076A /* projectTestSwiftUiApp.swift */ = {isa = PBXFileReference; lastKnownFileType = sourcecode.swift; path = projectTestSwiftUiApp.swift; sourceTree = "<group>"; };
		7C375D3C2A2EAA4E001F076A /* ContentView.swift */ = {isa = PBXFileReference; lastKnownFileType = sourcecode.swift; path = ContentView.swift; sourceTree = "<group>"; };
		7C375D3E2A2EAA50001F076A /* Assets.xcassets */ = {isa = PBXFileReference; lastKnownFileType = folder.assetcatalog; path = Assets.xcassets; sourceTree = "<group>"; };
		7C375D412A2EAA50001F076A /* Preview Assets.xcassets */ = {isa = PBXFileReference; lastKnownFileType = folder.assetcatalog; path = "Preview Assets.xcassets"; sourceTree = "<group>"; };
		7C375D482A2EB061001F076A /* CircleImage.swift */ = {isa = PBXFileReference; lastKnownFileType = sourcecode.swift; path = CircleImage.swift; sourceTree = "<group>"; };
		7C375D4A2A2EB2BF001F076A /* MapView.swift */ = {isa = PBXFileReference; lastKnownFileType = sourcecode.swift; path = MapView.swift; sourceTree = "<group>"; };
		7C375D4C2A2EC997001F076A /* landmarkData.json */ = {isa = PBXFileReference; fileEncoding = 4; lastKnownFileType = text.json; path = landmarkData.json; sourceTree = "<group>"; };
		7C375D4E2A2EC9CB001F076A /* Landmark.swift */ = {isa = PBXFileReference; lastKnownFileType = sourcecode.swift; path = Landmark.swift; sourceTree = "<group>"; };
		7C375D502A2ECE8C001F076A /* ModelData.swift */ = {isa = PBXFileReference; lastKnownFileType = sourcecode.swift; path = ModelData.swift; sourceTree = "<group>"; };
/* End PBXFileReference section */

/* Begin PBXFrameworksBuildPhase section */
		7C375D342A2EAA4E001F076A /* Frameworks */ = {
			isa = PBXFrameworksBuildPhase;
			buildActionMask = 2147483647;
			files = (
			);
			runOnlyForDeploymentPostprocessing = 0;
		};
/* End PBXFrameworksBuildPhase section */

/* Begin PBXGroup section */
		7C375D2E2A2EAA4E001F076A = {
			isa = PBXGroup;
			children = (
				7C375D392A2EAA4E001F076A /* projectTestSwiftUi */,
				7C375D382A2EAA4E001F076A /* Products */,
			);
			sourceTree = "<group>";
		};
		7C375D382A2EAA4E001F076A /* Products */ = {
			isa = PBXGroup;
			children = (
				7C375D372A2EAA4E001F076A /* projectTestSwiftUi.app */,
			);
			name = Products;
			sourceTree = "<group>";
		};
		7C375D392A2EAA4E001F076A /* projectTestSwiftUi */ = {
			isa = PBXGroup;
			children = (
				7C375D3A2A2EAA4E001F076A /* projectTestSwiftUiApp.swift */,
				7C375D522A2ED070001F076A /* Views */,
				7C375D532A2ED07C001F076A /* Model */,
				7C375D542A2ED086001F076A /* Resources */,
				7C375D3E2A2EAA50001F076A /* Assets.xcassets */,
				7C375D402A2EAA50001F076A /* Preview Content */,
			);
			path = projectTestSwiftUi;
			sourceTree = "<group>";
		};
		7C375D402A2EAA50001F076A /* Preview Content */ = {
			isa = PBXGroup;
			children = (
				7C375D412A2EAA50001F076A /* Preview Assets.xcassets */,
			);
			path = "Preview Content";
			sourceTree = "<group>";
		};
		7C375D522A2ED070001F076A /* Views */ = {
			isa = PBXGroup;
			children = (
				7C375D482A2EB061001F076A /* CircleImage.swift */,
				7C375D3C2A2EAA4E001F076A /* ContentView.swift */,
				7C375D4A2A2EB2BF001F076A /* MapView.swift */,
			);
			path = Views;
			sourceTree = "<group>";
		};
		7C375D532A2ED07C001F076A /* Model */ = {
			isa = PBXGroup;
			children = (
				7C375D502A2ECE8C001F076A /* ModelData.swift */,
				7C375D4E2A2EC9CB001F076A /* Landmark.swift */,
			);
			path = Model;
			sourceTree = "<group>";
		};
		7C375D542A2ED086001F076A /* Resources */ = {
			isa = PBXGroup;
			children = (
				7C375D4C2A2EC997001F076A /* landmarkData.json */,
			);
			path = Resources;
			sourceTree = "<group>";
		};
/* End PBXGroup section */

/* Begin PBXNativeTarget section */
		7C375D362A2EAA4E001F076A /* projectTestSwiftUi */ = {
			isa = PBXNativeTarget;
			buildConfigurationList = 7C375D452A2EAA50001F076A /* Build configuration list for PBXNativeTarget "projectTestSwiftUi" */;
			buildPhases = (
				7C375D332A2EAA4E001F076A /* Sources */,
				7C375D342A2EAA4E001F076A /* Frameworks */,
				7C375D352A2EAA4E001F076A /* Resources */,
			);
			buildRules = (
			);
			dependencies = (
			);
			name = projectTestSwiftUi;
			productName = projectTestSwiftUi;
			productReference = 7C375D372A2EAA4E001F076A /* projectTestSwiftUi.app */;
			productType = "com.apple.product-type.application";
		};
/* End PBXNativeTarget section */

/* Begin PBXProject section */
		7C375D2F2A2EAA4E001F076A /* Project object */ = {
			isa = PBXProject;
			attributes = {
				BuildIndependentTargetsInParallel = 1;
				LastSwiftUpdateCheck = 1430;
				LastUpgradeCheck = 1430;
				TargetAttributes = {
					7C375D362A2EAA4E001F076A = {
						CreatedOnToolsVersion = 14.3.1;
					};
				};
			};
			buildConfigurationList = 7C375D322A2EAA4E001F076A /* Build configuration list for PBXProject "projectTestSwiftUi" */;
			compatibilityVersion = "Xcode 14.0";
			developmentRegion = en;
			hasScannedForEncodings = 0;
			knownRegions = (
				en,
				Base,
			);
			mainGroup = 7C375D2E2A2EAA4E001F076A;
			productRefGroup = 7C375D382A2EAA4E001F076A /* Products */;
			projectDirPath = "";
			projectRoot = "";
			targets = (
				7C375D362A2EAA4E001F076A /* projectTestSwiftUi */,
			);
		};
/* End PBXProject section */

/* Begin PBXResourcesBuildPhase section */
		7C375D352A2EAA4E001F076A /* Resources */ = {
			isa = PBXResourcesBuildPhase;
			buildActionMask = 2147483647;
			files = (
				7C375D422A2EAA50001F076A /* Preview Assets.xcassets in Resources */,
				7C375D3F2A2EAA50001F076A /* Assets.xcassets in Resources */,
				7C375D4D2A2EC997001F076A /* landmarkData.json in Resources */,
			);
			runOnlyForDeploymentPostprocessing = 0;
		};
/* End PBXResourcesBuildPhase section */

/* Begin PBXSourcesBuildPhase section */
		7C375D332A2EAA4E001F076A /* Sources */ = {
			isa = PBXSourcesBuildPhase;
			buildActionMask = 2147483647;
			files = (
				7C375D3D2A2EAA4E001F076A /* ContentView.swift in Sources */,
				7C375D4B2A2EB2BF001F076A /* MapView.swift in Sources */,
				7C375D3B2A2EAA4E001F076A /* projectTestSwiftUiApp.swift in Sources */,
				7C375D492A2EB061001F076A /* CircleImage.swift in Sources */,
				7C375D4F2A2EC9CB001F076A /* Landmark.swift in Sources */,
				7C375D512A2ECE8C001F076A /* ModelData.swift in Sources */,
			);
			runOnlyForDeploymentPostprocessing = 0;
		};
/* End PBXSourcesBuildPhase section */

/* Begin XCBuildConfiguration section */
		7C375D432A2EAA50001F076A /* Debug */ = {
			isa = XCBuildConfiguration;
			buildSettings = {
				ALWAYS_SEARCH_USER_PATHS = NO;
				CLANG_ANALYZER_NONNULL = YES;
				CLANG_ANALYZER_NUMBER_OBJECT_CONVERSION = YES_AGGRESSIVE;
				CLANG_CXX_LANGUAGE_STANDARD = "gnu++20";
				CLANG_ENABLE_MODULES = YES;
				CLANG_ENABLE_OBJC_ARC = YES;
				CLANG_ENABLE_OBJC_WEAK = YES;
				CLANG_WARN_BLOCK_CAPTURE_AUTORELEASING = YES;
				CLANG_WARN_BOOL_CONVERSION = YES;
				CLANG_WARN_COMMA = YES;
				CLANG_WARN_CONSTANT_CONVERSION = YES;
				CLANG_WARN_DEPRECATED_OBJC_IMPLEMENTATIONS = YES;
				CLANG_WARN_DIRECT_OBJC_ISA_USAGE = YES_ERROR;
				CLANG_WARN_DOCUMENTATION_COMMENTS = YES;
				CLANG_WARN_EMPTY_BODY = YES;
				CLANG_WARN_ENUM_CONVERSION = YES;
				CLANG_WARN_INFINITE_RECURSION = YES;
				CLANG_WARN_INT_CONVERSION = YES;
				CLANG_WARN_NON_LITERAL_NULL_CONVERSION = YES;
				CLANG_WARN_OBJC_IMPLICIT_RETAIN_SELF = YES;
				CLANG_WARN_OBJC_LITERAL_CONVERSION = YES;
				CLANG_WARN_OBJC_ROOT_CLASS = YES_ERROR;
				CLANG_WARN_QUOTED_INCLUDE_IN_FRAMEWORK_HEADER = YES;
				CLANG_WARN_RANGE_LOOP_ANALYSIS = YES;
				CLANG_WARN_STRICT_PROTOTYPES = YES;
				CLANG_WARN_SUSPICIOUS_MOVE = YES;
				CLANG_WARN_UNGUARDED_AVAILABILITY = YES_AGGRESSIVE;
				CLANG_WARN_UNREACHABLE_CODE = YES;
				CLANG_WARN__DUPLICATE_METHOD_MATCH = YES;
				COPY_PHASE_STRIP = NO;
				DEBUG_INFORMATION_FORMAT = dwarf;
				ENABLE_STRICT_OBJC_MSGSEND = YES;
				ENABLE_TESTABILITY = YES;
				GCC_C_LANGUAGE_STANDARD = gnu11;
				GCC_DYNAMIC_NO_PIC = NO;
				GCC_NO_COMMON_BLOCKS = YES;
				GCC_OPTIMIZATION_LEVEL = 0;
				GCC_PREPROCESSOR_DEFINITIONS = (
					"DEBUG=1",
					"$(inherited)",
				);
				GCC_WARN_64_TO_32_BIT_CONVERSION = YES;
				GCC_WARN_ABOUT_RETURN_TYPE = YES_ERROR;
				GCC_WARN_UNDECLARED_SELECTOR = YES;
				GCC_WARN_UNINITIALIZED_AUTOS = YES_AGGRESSIVE;
				GCC_WARN_UNUSED_FUNCTION = YES;
				GCC_WARN_UNUSED_VARIABLE = YES;
				IPHONEOS_DEPLOYMENT_TARGET = 16.4;
				MTL_ENABLE_DEBUG_INFO = INCLUDE_SOURCE;
				MTL_FAST_MATH = YES;
				ONLY_ACTIVE_ARCH = YES;
				SDKROOT = iphoneos;
				SWIFT_ACTIVE_COMPILATION_CONDITIONS = DEBUG;
				SWIFT_OPTIMIZATION_LEVEL = "-Onone";
			};
			name = Debug;
		};
		7C375D442A2EAA50001F076A /* Release */ = {
			isa = XCBuildConfiguration;
			buildSettings = {
				ALWAYS_SEARCH_USER_PATHS = NO;
				CLANG_ANALYZER_NONNULL = YES;
				CLANG_ANALYZER_NUMBER_OBJECT_CONVERSION = YES_AGGRESSIVE;
				CLANG_CXX_LANGUAGE_STANDARD = "gnu++20";
				CLANG_ENABLE_MODULES = YES;
				CLANG_ENABLE_OBJC_ARC = YES;
				CLANG_ENABLE_OBJC_WEAK = YES;
				CLANG_WARN_BLOCK_CAPTURE_AUTORELEASING = YES;
				CLANG_WARN_BOOL_CONVERSION = YES;
				CLANG_WARN_COMMA = YES;
				CLANG_WARN_CONSTANT_CONVERSION = YES;
				CLANG_WARN_DEPRECATED_OBJC_IMPLEMENTATIONS = YES;
				CLANG_WARN_DIRECT_OBJC_ISA_USAGE = YES_ERROR;
				CLANG_WARN_DOCUMENTATION_COMMENTS = YES;
				CLANG_WARN_EMPTY_BODY = YES;
				CLANG_WARN_ENUM_CONVERSION = YES;
				CLANG_WARN_INFINITE_RECURSION = YES;
				CLANG_WARN_INT_CONVERSION = YES;
				CLANG_WARN_NON_LITERAL_NULL_CONVERSION = YES;
				CLANG_WARN_OBJC_IMPLICIT_RETAIN_SELF = YES;
				CLANG_WARN_OBJC_LITERAL_CONVERSION = YES;
				CLANG_WARN_OBJC_ROOT_CLASS = YES_ERROR;
				CLANG_WARN_QUOTED_INCLUDE_IN_FRAMEWORK_HEADER = YES;
				CLANG_WARN_RANGE_LOOP_ANALYSIS = YES;
				CLANG_WARN_STRICT_PROTOTYPES = YES;
				CLANG_WARN_SUSPICIOUS_MOVE = YES;
				CLANG_WARN_UNGUARDED_AVAILABILITY = YES_AGGRESSIVE;
				CLANG_WARN_UNREACHABLE_CODE = YES;
				CLANG_WARN__DUPLICATE_METHOD_MATCH = YES;
				COPY_PHASE_STRIP = NO;
				DEBUG_INFORMATION_FORMAT = "dwarf-with-dsym";
				ENABLE_NS_ASSERTIONS = NO;
				ENABLE_STRICT_OBJC_MSGSEND = YES;
				GCC_C_LANGUAGE_STANDARD = gnu11;
				GCC_NO_COMMON_BLOCKS = YES;
				GCC_WARN_64_TO_32_BIT_CONVERSION = YES;
				GCC_WARN_ABOUT_RETURN_TYPE = YES_ERROR;
				GCC_WARN_UNDECLARED_SELECTOR = YES;
				GCC_WARN_UNINITIALIZED_AUTOS = YES_AGGRESSIVE;
				GCC_WARN_UNUSED_FUNCTION = YES;
				GCC_WARN_UNUSED_VARIABLE = YES;
				IPHONEOS_DEPLOYMENT_TARGET = 16.4;
				MTL_ENABLE_DEBUG_INFO = NO;
				MTL_FAST_MATH = YES;
				SDKROOT = iphoneos;
				SWIFT_COMPILATION_MODE = wholemodule;
				SWIFT_OPTIMIZATION_LEVEL = "-O";
				VALIDATE_PRODUCT = YES;
			};
			name = Release;
		};
		7C375D462A2EAA50001F076A /* Debug */ = {
			isa = XCBuildConfiguration;
			buildSettings = {
				ASSETCATALOG_COMPILER_APPICON_NAME = AppIcon;
				ASSETCATALOG_COMPILER_GLOBAL_ACCENT_COLOR_NAME = AccentColor;
				CODE_SIGN_STYLE = Automatic;
				CURRENT_PROJECT_VERSION = 1;
				DEVELOPMENT_ASSET_PATHS = "\"projectTestSwiftUi/Preview Content\"";
				DEVELOPMENT_TEAM = G3TMK8KB93;
				ENABLE_PREVIEWS = YES;
				GENERATE_INFOPLIST_FILE = YES;
				INFOPLIST_KEY_UIApplicationSceneManifest_Generation = YES;
				INFOPLIST_KEY_UIApplicationSupportsIndirectInputEvents = YES;
				INFOPLIST_KEY_UILaunchScreen_Generation = YES;
				INFOPLIST_KEY_UISupportedInterfaceOrientations_iPad = "UIInterfaceOrientationPortrait UIInterfaceOrientationPortraitUpsideDown UIInterfaceOrientationLandscapeLeft UIInterfaceOrientationLandscapeRight";
				INFOPLIST_KEY_UISupportedInterfaceOrientations_iPhone = "UIInterfaceOrientationPortrait UIInterfaceOrientationLandscapeLeft UIInterfaceOrientationLandscapeRight";
				LD_RUNPATH_SEARCH_PATHS = (
					"$(inherited)",
					"@executable_path/Frameworks",
				);
				MARKETING_VERSION = 1.0;
				PRODUCT_BUNDLE_IDENTIFIER = com.ehsanApp.projectTestSwiftUi;
				PRODUCT_NAME = "$(TARGET_NAME)";
				SWIFT_EMIT_LOC_STRINGS = YES;
				SWIFT_VERSION = 5.0;
				TARGETED_DEVICE_FAMILY = "1,2";
			};
			name = Debug;
		};
		7C375D472A2EAA50001F076A /* Release */ = {
			isa = XCBuildConfiguration;
			buildSettings = {
				ASSETCATALOG_COMPILER_APPICON_NAME = AppIcon;
				ASSETCATALOG_COMPILER_GLOBAL_ACCENT_COLOR_NAME = AccentColor;
				CODE_SIGN_STYLE = Automatic;
				CURRENT_PROJECT_VERSION = 1;
				DEVELOPMENT_ASSET_PATHS = "\"projectTestSwiftUi/Preview Content\"";
				DEVELOPMENT_TEAM = G3TMK8KB93;
				ENABLE_PREVIEWS = YES;
				GENERATE_INFOPLIST_FILE = YES;
				INFOPLIST_KEY_UIApplicationSceneManifest_Generation = YES;
				INFOPLIST_KEY_UIApplicationSupportsIndirectInputEvents = YES;
				INFOPLIST_KEY_UILaunchScreen_Generation = YES;
				INFOPLIST_KEY_UISupportedInterfaceOrientations_iPad = "UIInterfaceOrientationPortrait UIInterfaceOrientationPortraitUpsideDown UIInterfaceOrientationLandscapeLeft UIInterfaceOrientationLandscapeRight";
				INFOPLIST_KEY_UISupportedInterfaceOrientations_iPhone = "UIInterfaceOrientationPortrait UIInterfaceOrientationLandscapeLeft UIInterfaceOrientationLandscapeRight";
				LD_RUNPATH_SEARCH_PATHS = (
					"$(inherited)",
					"@executable_path/Frameworks",
				);
				MARKETING_VERSION = 1.0;
				PRODUCT_BUNDLE_IDENTIFIER = com.ehsanApp.projectTestSwiftUi;
				PRODUCT_NAME = "$(TARGET_NAME)";
				SWIFT_EMIT_LOC_STRINGS = YES;
				SWIFT_VERSION = 5.0;
				TARGETED_DEVICE_FAMILY = "1,2";
			};
			name = Release;
		};
/* End XCBuildConfiguration section */

/* Begin XCConfigurationList section */
		7C375D322A2EAA4E001F076A /* Build configuration list for PBXProject "projectTestSwiftUi" */ = {
			isa = XCConfigurationList;
			buildConfigurations = (
				7C375D432A2EAA50001F076A /* Debug */,
				7C375D442A2EAA50001F076A /* Release */,
			);
			defaultConfigurationIsVisible = 0;
			defaultConfigurationName = Release;
		};
		7C375D452A2EAA50001F076A /* Build configuration list for PBXNativeTarget "projectTestSwiftUi" */ = {
			isa = XCConfigurationList;
			buildConfigurations = (
				7C375D462A2EAA50001F076A /* Debug */,
				7C375D472A2EAA50001F076A /* Release */,
			);
			defaultConfigurationIsVisible = 0;
			defaultConfigurationName = Release;
		};
/* End XCConfigurationList section */
	};
	rootObject = 7C375D2F2A2EAA4E001F076A /* Project object */;
}
